
Microsoft Visual Studio Solution File, Format Version 12.00
# Visual Studio 14
VisualStudioVersion = 14.0.23107.0
MinimumVisualStudioVersion = 10.0.40219.1
Project("{F2A71F9B-5D33-465A-A702-920D77279786}") = "Arche.Site", "Arche.Site\Arche.Site.fsproj", "{0949DCB3-32BD-40B7-A16D-EB8255C3D411}"
EndProject
Project("{F2A71F9B-5D33-465A-A702-920D77279786}") = "Arche.Common", "Arche.Common\Arche.Common.fsproj", "{E9B77A1A-BF50-4FBB-ABA0-BF20A9BE2D78}"
EndProject
Global
	GlobalSection(SolutionConfigurationPlatforms) = preSolution
		Debug|Any CPU = Debug|Any CPU
		Release|Any CPU = Release|Any CPU
	EndGlobalSection
	GlobalSection(ProjectConfigurationPlatforms) = postSolution
		{0949DCB3-32BD-40B7-A16D-EB8255C3D411}.Debug|Any CPU.ActiveCfg = Debug|Any CPU
		{0949DCB3-32BD-40B7-A16D-EB8255C3D411}.Debug|Any CPU.Build.0 = Debug|Any CPU
		{0949DCB3-32BD-40B7-A16D-EB8255C3D411}.Release|Any CPU.ActiveCfg = Release|Any CPU
		{0949DCB3-32BD-40B7-A16D-EB8255C3D411}.Release|Any CPU.Build.0 = Release|Any CPU
		{E9B77A1A-BF50-4FBB-ABA0-BF20A9BE2D78}.Debug|Any CPU.ActiveCfg = Debug|Any CPU
		{E9B77A1A-BF50-4FBB-ABA0-BF20A9BE2D78}.Debug|Any CPU.Build.0 = Debug|Any CPU
		{E9B77A1A-BF50-4FBB-ABA0-BF20A9BE2D78}.Release|Any CPU.ActiveCfg = Release|Any CPU
		{E9B77A1A-BF50-4FBB-ABA0-BF20A9BE2D78}.Release|Any CPU.Build.0 = Release|Any CPU
	EndGlobalSection
	GlobalSection(SolutionProperties) = preSolution
		HideSolutionNode = FALSE
	EndGlobalSection
EndGlobal
